
Microsoft Visual Studio Solution File, Format Version 12.00
# Visual Studio Version 17
VisualStudioVersion = 17.5.33516.290
MinimumVisualStudioVersion = 10.0.40219.1
Project("{888888A0-9F3D-457C-B088-3A5042F75D52}") = "MusicFormatConversion", "MusicFormatConversion.pyproj", "{F069BC57-10F0-4A85-93EC-0194B7278A59}"
EndProject
Global
	GlobalSection(SolutionConfigurationPlatforms) = preSolution
		Debug|Any CPU = Debug|Any CPU
		Release|Any CPU = Release|Any CPU
	EndGlobalSection
	GlobalSection(ProjectConfigurationPlatforms) = postSolution
		{F069BC57-10F0-4A85-93EC-0194B7278A59}.Debug|Any CPU.ActiveCfg = Debug|Any CPU
		{F069BC57-10F0-4A85-93EC-0194B7278A59}.Release|Any CPU.ActiveCfg = Release|Any CPU
	EndGlobalSection
	GlobalSection(SolutionProperties) = preSolution
		HideSolutionNode = FALSE
	EndGlobalSection
	GlobalSection(ExtensibilityGlobals) = postSolution
		SolutionGuid = {F0B53201-B109-40E0-A9F2-DCEA9D9D42FB}
	EndGlobalSection
EndGlobal
